
Microsoft Visual Studio Solution File, Format Version 12.00
# Visual Studio Version 17
VisualStudioVersion = 17.11.35222.181
MinimumVisualStudioVersion = 10.0.40219.1
Project("{FAE04EC0-301F-11D3-BF4B-00C04F79EFBC}") = "Cikle1", "Cikle1.csproj", "{B489E00D-9A28-497D-AEEE-D7D37EBB420C}"
EndProject
Project("{FAE04EC0-301F-11D3-BF4B-00C04F79EFBC}") = "Cikle2", "..\Cikle2\Cikle2.csproj", "{5990E789-564D-40BE-8ACA-C0D80A150984}"
EndProject
Project("{FAE04EC0-301F-11D3-BF4B-00C04F79EFBC}") = "Cikle3", "..\Cikle3\Cikle3.csproj", "{0BDA8CA1-40A0-43D5-8567-0BEB1F0699BB}"
EndProject
Project("{FAE04EC0-301F-11D3-BF4B-00C04F79EFBC}") = "Cikle4", "..\Cikl4\Cikle4.csproj", "{1B64D07A-55BD-4619-87E7-440FFEB3EA1B}"
EndProject
Global
	GlobalSection(SolutionConfigurationPlatforms) = preSolution
		Debug|Any CPU = Debug|Any CPU
		Release|Any CPU = Release|Any CPU
	EndGlobalSection
	GlobalSection(ProjectConfigurationPlatforms) = postSolution
		{B489E00D-9A28-497D-AEEE-D7D37EBB420C}.Debug|Any CPU.ActiveCfg = Debug|Any CPU
		{B489E00D-9A28-497D-AEEE-D7D37EBB420C}.Debug|Any CPU.Build.0 = Debug|Any CPU
		{B489E00D-9A28-497D-AEEE-D7D37EBB420C}.Release|Any CPU.ActiveCfg = Release|Any CPU
		{B489E00D-9A28-497D-AEEE-D7D37EBB420C}.Release|Any CPU.Build.0 = Release|Any CPU
		{5990E789-564D-40BE-8ACA-C0D80A150984}.Debug|Any CPU.ActiveCfg = Debug|Any CPU
		{5990E789-564D-40BE-8ACA-C0D80A150984}.Debug|Any CPU.Build.0 = Debug|Any CPU
		{5990E789-564D-40BE-8ACA-C0D80A150984}.Release|Any CPU.ActiveCfg = Release|Any CPU
		{5990E789-564D-40BE-8ACA-C0D80A150984}.Release|Any CPU.Build.0 = Release|Any CPU
		{0BDA8CA1-40A0-43D5-8567-0BEB1F0699BB}.Debug|Any CPU.ActiveCfg = Debug|Any CPU
		{0BDA8CA1-40A0-43D5-8567-0BEB1F0699BB}.Debug|Any CPU.Build.0 = Debug|Any CPU
		{0BDA8CA1-40A0-43D5-8567-0BEB1F0699BB}.Release|Any CPU.ActiveCfg = Release|Any CPU
		{0BDA8CA1-40A0-43D5-8567-0BEB1F0699BB}.Release|Any CPU.Build.0 = Release|Any CPU
		{1B64D07A-55BD-4619-87E7-440FFEB3EA1B}.Debug|Any CPU.ActiveCfg = Debug|Any CPU
		{1B64D07A-55BD-4619-87E7-440FFEB3EA1B}.Debug|Any CPU.Build.0 = Debug|Any CPU
		{1B64D07A-55BD-4619-87E7-440FFEB3EA1B}.Release|Any CPU.ActiveCfg = Release|Any CPU
		{1B64D07A-55BD-4619-87E7-440FFEB3EA1B}.Release|Any CPU.Build.0 = Release|Any CPU
	EndGlobalSection
	GlobalSection(SolutionProperties) = preSolution
		HideSolutionNode = FALSE
	EndGlobalSection
	GlobalSection(ExtensibilityGlobals) = postSolution
		SolutionGuid = {D52F1937-55F2-4191-AF8F-87B76F62C10E}
	EndGlobalSection
EndGlobal
