
Microsoft Visual Studio Solution File, Format Version 12.00
# Visual Studio Version 17
VisualStudioVersion = 17.11.35222.181
MinimumVisualStudioVersion = 10.0.40219.1
Project("{FAE04EC0-301F-11D3-BF4B-00C04F79EFBC}") = "Cikle1", "Cikle1.csproj", "{B489E00D-9A28-497D-AEEE-D7D37EBB420C}"
EndProject
Project("{FAE04EC0-301F-11D3-BF4B-00C04F79EFBC}") = "Cikle2", "..\Cikle2\Cikle2.csproj", "{5990E789-564D-40BE-8ACA-C0D80A150984}"
EndProject
Project("{FAE04EC0-301F-11D3-BF4B-00C04F79EFBC}") = "Cikle3", "..\Cikle3\Cikle3.csproj", "{0BDA8CA1-40A0-43D5-8567-0BEB1F0699BB}"
EndProject
Project("{FAE04EC0-301F-11D3-BF4B-00C04F79EFBC}") = "Cikle4", "..\Cikl4\Cikle4.csproj", "{1B64D07A-55BD-4619-87E7-440FFEB3EA1B}"
EndProject
Project("{FAE04EC0-301F-11D3-BF4B-00C04F79EFBC}") = "Cikl21", "..\Cikl21\Cikl21.csproj", "{3CB91089-1590-4644-ABE0-4A06E393A1FF}"
EndProject
Project("{FAE04EC0-301F-11D3-BF4B-00C04F79EFBC}") = "Cikl22", "..\Cikl22\Cikl22.csproj", "{885B227C-6C58-4BF3-8E4D-9A4497AA0087}"
EndProject
Project("{FAE04EC0-301F-11D3-BF4B-00C04F79EFBC}") = "Cikl23", "..\Cikl23\Cikl23.csproj", "{3A24C926-A3DD-45A5-B1B6-FB81E4FF053C}"
EndProject
Project("{FAE04EC0-301F-11D3-BF4B-00C04F79EFBC}") = "Cikl24", "..\Cikl24\Cikl24.csproj", "{BAB54B03-7F9C-448F-BAEA-7CBBC46629CA}"
EndProject
Project("{FAE04EC0-301F-11D3-BF4B-00C04F79EFBC}") = "CiklPar1", "..\CiklPar1\CiklPar1.csproj", "{316213F6-7A31-4F6A-90BD-F6459A6033BE}"
EndProject
Project("{FAE04EC0-301F-11D3-BF4B-00C04F79EFBC}") = "CiklPar2", "..\CiklPar2\CiklPar2.csproj", "{25E2E4D4-6341-47C9-BF75-889EC2B421B7}"
EndProject
Project("{FAE04EC0-301F-11D3-BF4B-00C04F79EFBC}") = "CiklPar3", "..\CiklPar3\CiklPar3.csproj", "{76B74BD8-1A98-4F8F-8C3F-87DA1C59D157}"
EndProject
Project("{FAE04EC0-301F-11D3-BF4B-00C04F79EFBC}") = "CiklPar4", "..\CiklPar4\CiklPar4.csproj", "{6E1BCEE3-5EC9-4A01-8938-FC5BE10727B2}"
EndProject
Project("{FAE04EC0-301F-11D3-BF4B-00C04F79EFBC}") = "CiklPar5", "..\CiklPar5\CiklPar5.csproj", "{7CBAF1FC-94B8-4948-B5F9-0186F45CE0CA}"
EndProject
Project("{FAE04EC0-301F-11D3-BF4B-00C04F79EFBC}") = "CiklPar6", "..\CiklPar6\CiklPar6.csproj", "{34722DFD-CBDA-4D82-9236-068B5FE07164}"
EndProject
Global
	GlobalSection(SolutionConfigurationPlatforms) = preSolution
		Debug|Any CPU = Debug|Any CPU
		Release|Any CPU = Release|Any CPU
	EndGlobalSection
	GlobalSection(ProjectConfigurationPlatforms) = postSolution
		{B489E00D-9A28-497D-AEEE-D7D37EBB420C}.Debug|Any CPU.ActiveCfg = Debug|Any CPU
		{B489E00D-9A28-497D-AEEE-D7D37EBB420C}.Debug|Any CPU.Build.0 = Debug|Any CPU
		{B489E00D-9A28-497D-AEEE-D7D37EBB420C}.Release|Any CPU.ActiveCfg = Release|Any CPU
		{B489E00D-9A28-497D-AEEE-D7D37EBB420C}.Release|Any CPU.Build.0 = Release|Any CPU
		{5990E789-564D-40BE-8ACA-C0D80A150984}.Debug|Any CPU.ActiveCfg = Debug|Any CPU
		{5990E789-564D-40BE-8ACA-C0D80A150984}.Debug|Any CPU.Build.0 = Debug|Any CPU
		{5990E789-564D-40BE-8ACA-C0D80A150984}.Release|Any CPU.ActiveCfg = Release|Any CPU
		{5990E789-564D-40BE-8ACA-C0D80A150984}.Release|Any CPU.Build.0 = Release|Any CPU
		{0BDA8CA1-40A0-43D5-8567-0BEB1F0699BB}.Debug|Any CPU.ActiveCfg = Debug|Any CPU
		{0BDA8CA1-40A0-43D5-8567-0BEB1F0699BB}.Debug|Any CPU.Build.0 = Debug|Any CPU
		{0BDA8CA1-40A0-43D5-8567-0BEB1F0699BB}.Release|Any CPU.ActiveCfg = Release|Any CPU
		{0BDA8CA1-40A0-43D5-8567-0BEB1F0699BB}.Release|Any CPU.Build.0 = Release|Any CPU
		{1B64D07A-55BD-4619-87E7-440FFEB3EA1B}.Debug|Any CPU.ActiveCfg = Debug|Any CPU
		{1B64D07A-55BD-4619-87E7-440FFEB3EA1B}.Debug|Any CPU.Build.0 = Debug|Any CPU
		{1B64D07A-55BD-4619-87E7-440FFEB3EA1B}.Release|Any CPU.ActiveCfg = Release|Any CPU
		{1B64D07A-55BD-4619-87E7-440FFEB3EA1B}.Release|Any CPU.Build.0 = Release|Any CPU
		{3CB91089-1590-4644-ABE0-4A06E393A1FF}.Debug|Any CPU.ActiveCfg = Debug|Any CPU
		{3CB91089-1590-4644-ABE0-4A06E393A1FF}.Debug|Any CPU.Build.0 = Debug|Any CPU
		{3CB91089-1590-4644-ABE0-4A06E393A1FF}.Release|Any CPU.ActiveCfg = Release|Any CPU
		{3CB91089-1590-4644-ABE0-4A06E393A1FF}.Release|Any CPU.Build.0 = Release|Any CPU
		{885B227C-6C58-4BF3-8E4D-9A4497AA0087}.Debug|Any CPU.ActiveCfg = Debug|Any CPU
		{885B227C-6C58-4BF3-8E4D-9A4497AA0087}.Debug|Any CPU.Build.0 = Debug|Any CPU
		{885B227C-6C58-4BF3-8E4D-9A4497AA0087}.Release|Any CPU.ActiveCfg = Release|Any CPU
		{885B227C-6C58-4BF3-8E4D-9A4497AA0087}.Release|Any CPU.Build.0 = Release|Any CPU
		{3A24C926-A3DD-45A5-B1B6-FB81E4FF053C}.Debug|Any CPU.ActiveCfg = Debug|Any CPU
		{3A24C926-A3DD-45A5-B1B6-FB81E4FF053C}.Debug|Any CPU.Build.0 = Debug|Any CPU
		{3A24C926-A3DD-45A5-B1B6-FB81E4FF053C}.Release|Any CPU.ActiveCfg = Release|Any CPU
		{3A24C926-A3DD-45A5-B1B6-FB81E4FF053C}.Release|Any CPU.Build.0 = Release|Any CPU
		{BAB54B03-7F9C-448F-BAEA-7CBBC46629CA}.Debug|Any CPU.ActiveCfg = Debug|Any CPU
		{BAB54B03-7F9C-448F-BAEA-7CBBC46629CA}.Debug|Any CPU.Build.0 = Debug|Any CPU
		{BAB54B03-7F9C-448F-BAEA-7CBBC46629CA}.Release|Any CPU.ActiveCfg = Release|Any CPU
		{BAB54B03-7F9C-448F-BAEA-7CBBC46629CA}.Release|Any CPU.Build.0 = Release|Any CPU
		{316213F6-7A31-4F6A-90BD-F6459A6033BE}.Debug|Any CPU.ActiveCfg = Debug|Any CPU
		{316213F6-7A31-4F6A-90BD-F6459A6033BE}.Debug|Any CPU.Build.0 = Debug|Any CPU
		{316213F6-7A31-4F6A-90BD-F6459A6033BE}.Release|Any CPU.ActiveCfg = Release|Any CPU
		{316213F6-7A31-4F6A-90BD-F6459A6033BE}.Release|Any CPU.Build.0 = Release|Any CPU
		{25E2E4D4-6341-47C9-BF75-889EC2B421B7}.Debug|Any CPU.ActiveCfg = Debug|Any CPU
		{25E2E4D4-6341-47C9-BF75-889EC2B421B7}.Debug|Any CPU.Build.0 = Debug|Any CPU
		{25E2E4D4-6341-47C9-BF75-889EC2B421B7}.Release|Any CPU.ActiveCfg = Release|Any CPU
		{25E2E4D4-6341-47C9-BF75-889EC2B421B7}.Release|Any CPU.Build.0 = Release|Any CPU
		{76B74BD8-1A98-4F8F-8C3F-87DA1C59D157}.Debug|Any CPU.ActiveCfg = Debug|Any CPU
		{76B74BD8-1A98-4F8F-8C3F-87DA1C59D157}.Debug|Any CPU.Build.0 = Debug|Any CPU
		{76B74BD8-1A98-4F8F-8C3F-87DA1C59D157}.Release|Any CPU.ActiveCfg = Release|Any CPU
		{76B74BD8-1A98-4F8F-8C3F-87DA1C59D157}.Release|Any CPU.Build.0 = Release|Any CPU
		{6E1BCEE3-5EC9-4A01-8938-FC5BE10727B2}.Debug|Any CPU.ActiveCfg = Debug|Any CPU
		{6E1BCEE3-5EC9-4A01-8938-FC5BE10727B2}.Debug|Any CPU.Build.0 = Debug|Any CPU
		{6E1BCEE3-5EC9-4A01-8938-FC5BE10727B2}.Release|Any CPU.ActiveCfg = Release|Any CPU
		{6E1BCEE3-5EC9-4A01-8938-FC5BE10727B2}.Release|Any CPU.Build.0 = Release|Any CPU
		{7CBAF1FC-94B8-4948-B5F9-0186F45CE0CA}.Debug|Any CPU.ActiveCfg = Debug|Any CPU
		{7CBAF1FC-94B8-4948-B5F9-0186F45CE0CA}.Debug|Any CPU.Build.0 = Debug|Any CPU
		{7CBAF1FC-94B8-4948-B5F9-0186F45CE0CA}.Release|Any CPU.ActiveCfg = Release|Any CPU
		{7CBAF1FC-94B8-4948-B5F9-0186F45CE0CA}.Release|Any CPU.Build.0 = Release|Any CPU
		{34722DFD-CBDA-4D82-9236-068B5FE07164}.Debug|Any CPU.ActiveCfg = Debug|Any CPU
		{34722DFD-CBDA-4D82-9236-068B5FE07164}.Debug|Any CPU.Build.0 = Debug|Any CPU
		{34722DFD-CBDA-4D82-9236-068B5FE07164}.Release|Any CPU.ActiveCfg = Release|Any CPU
		{34722DFD-CBDA-4D82-9236-068B5FE07164}.Release|Any CPU.Build.0 = Release|Any CPU
	EndGlobalSection
	GlobalSection(SolutionProperties) = preSolution
		HideSolutionNode = FALSE
	EndGlobalSection
	GlobalSection(ExtensibilityGlobals) = postSolution
		SolutionGuid = {D52F1937-55F2-4191-AF8F-87B76F62C10E}
	EndGlobalSection
EndGlobal
