
Microsoft Visual Studio Solution File, Format Version 12.00
# Visual Studio Version 17
VisualStudioVersion = 17.11.35303.130
MinimumVisualStudioVersion = 10.0.40219.1
Project("{FAE04EC0-301F-11D3-BF4B-00C04F79EFBC}") = "Razvilka1", "Razvilka1.csproj", "{56C3B022-2287-447F-B799-715522E4B350}"
EndProject
Project("{FAE04EC0-301F-11D3-BF4B-00C04F79EFBC}") = "Razvilka2", "..\Razvilka2\Razvilka2.csproj", "{FC79D10B-24D4-40C9-BF2E-B6A219963DFE}"
EndProject
Global
	GlobalSection(SolutionConfigurationPlatforms) = preSolution
		Debug|Any CPU = Debug|Any CPU
		Release|Any CPU = Release|Any CPU
	EndGlobalSection
	GlobalSection(ProjectConfigurationPlatforms) = postSolution
		{56C3B022-2287-447F-B799-715522E4B350}.Debug|Any CPU.ActiveCfg = Debug|Any CPU
		{56C3B022-2287-447F-B799-715522E4B350}.Debug|Any CPU.Build.0 = Debug|Any CPU
		{56C3B022-2287-447F-B799-715522E4B350}.Release|Any CPU.ActiveCfg = Release|Any CPU
		{56C3B022-2287-447F-B799-715522E4B350}.Release|Any CPU.Build.0 = Release|Any CPU
		{FC79D10B-24D4-40C9-BF2E-B6A219963DFE}.Debug|Any CPU.ActiveCfg = Debug|Any CPU
		{FC79D10B-24D4-40C9-BF2E-B6A219963DFE}.Debug|Any CPU.Build.0 = Debug|Any CPU
		{FC79D10B-24D4-40C9-BF2E-B6A219963DFE}.Release|Any CPU.ActiveCfg = Release|Any CPU
		{FC79D10B-24D4-40C9-BF2E-B6A219963DFE}.Release|Any CPU.Build.0 = Release|Any CPU
	EndGlobalSection
	GlobalSection(SolutionProperties) = preSolution
		HideSolutionNode = FALSE
	EndGlobalSection
	GlobalSection(ExtensibilityGlobals) = postSolution
		SolutionGuid = {24FC7C5C-86D4-45BD-A66F-220841687AF1}
	EndGlobalSection
EndGlobal
